{
  "name": "tests",
  "version": "1.0.0",
  "lockfileVersion": 1,
  "requires": true,
  "dependencies": {
    "bats": {
      "version": "1.5.0",
      "resolved": "https://registry.npmjs.org/bats/-/bats-1.5.0.tgz",
      "integrity": "sha512-83YgQw24Yi2c1ctB0Vd7WCsACUMSWuEtOboxQZyFQYfiv9hDMW7nk7bdloqGLg3vK5pOODCBGBQjhvRmHKsJuA==",
      "dev": true
    },
    "bats-assert": {
      "version": "github:bats-core/bats-assert#4bdd58d3fbcdce3209033d44d884e87add1d8405",
      "from": "github:bats-core/bats-assert",
      "dev": true
    },
    "bats-file": {
      "version": "github:bats-core/bats-file#17fa557f6fe28a327933e3fa32efef1d211caa5a",
      "from": "github:bats-core/bats-file",
      "dev": true
    },
    "bats-support": {
      "version": "github:bats-core/bats-support#d140a65044b2d6810381935ae7f0c94c7023c8c3",
      "from": "github:bats-core/bats-support",
      "dev": true
    }
  }
}
